{
  "lockfileVersion": 2,
  "configVersion": 0,
  "workspaces": {
    "": {
      "name": "react-example",
      "dependencies": {
        "@google/genai": "^2.4.0",
        "@tailwindcss/vite": "^4.3.3",
        "@vitejs/plugin-react": "^6.1.1",
        "dotenv": "^17.2.3",
        "express": "^4.21.2",
        "framer-motion": "^13.4.4",
        "lucide-react": "^0.546.0",
        "motion": "^12.23.24",
        "react": "^19.0.1",
        "react-dom": "^19.0.1",
        "vite": "^8.3.0",
      },
      "devDependencies": {
        "@types/express": "^4.17.21",
        "@types/node": "^22.14.0",
        "@types/react": "^19.3.0",
        "@types/react-dom": "^19.3.0",
        "autoprefixer": "^10.4.21",
        "tailwindcss": "^4.3.3",
        "tsx": "^4.21.0",
        "typescript": "^7.0.2",
      },
    },
  },
  "packages": {
    "@esbuild/aix-ppc64": ["@esbuild/aix-ppc64@0.28.2", "", { "os": "aix", "cpu": "ppc64" }, "sha512-XExcO+dvLKvVtNTibSTBej1NCAbaGhWn9Ww1ZPx80qsahhPFe/8jgWP0IchNe0F3HwkU7n8ejhH8bjonqht8mQ=="],

    "@esbuild/android-arm": ["@esbuild/android-arm@0.28.2", "", { "os": "android", "cpu": "arm" }, "sha512-kXXoiPVVGQcnIYGOeaovwOURpniDBpSq4A03qkQ+BMQqtGG6HYap3xne9C1O1yo4TR3qxlCX5IqqmX6fFo2Lqg=="],

    "@esbuild/android-arm64": ["@esbuild/android-arm64@0.28.2", "", { "os": "android", "cpu": "arm64" }, "sha512-5YfKeeI8qWfBZIX+u2xZC3Zlb3Os/gLS2sbEKM+I4ZOcsWmHS2WLysCcQZDAFRslDUU5Oiq44gf6PYN1vGwG5A=="],

    "@esbuild/android-x64": ["@esbuild/android-x64@0.28.2", "", { "os": "android", "cpu": "x64" }, "sha512-O387ite7SzUyCcy3JQX4P4bLtEA7bLLkx+esve5JHnyYfNTxcVpXZo9jhdB0lTKN44gztELTdU7nS8Nr16Fs1Q=="],

    "@esbuild/darwin-arm64": ["@esbuild/darwin-arm64@0.28.2", "", { "os": "darwin", "cpu": "arm64" }, "sha512-n4KqkOQrraxHJcgjM1RvwbigfQKIKJVpM7xp+KsxiyUSrRdIXnt73VhrPAx0fV44hgfmIVKjxMN9J1t5jySVkw=="],

    "@esbuild/darwin-x64": ["@esbuild/darwin-x64@0.28.2", "", { "os": "darwin", "cpu": "x64" }, "sha512-uq6suIWYP37qzGddBKPw5QEQPi6HiLGsO7UmkpfyaYNQ3D+rN6w6WfwH+nuqcGXWvawGwxOEroO4YGnFh95azw=="],

    "@esbuild/freebsd-arm64": ["@esbuild/freebsd-arm64@0.28.2", "", { "os": "freebsd", "cpu": "arm64" }, "sha512-n+I0BTSRIoy+d6RPKnEVwql5UwBJolytvY4mAOIEJorKlqgPII8ix6slVVrfZ5Tnj7glIZvloylbB/EJPMWEXw=="],

    "@esbuild/freebsd-x64": ["@esbuild/freebsd-x64@0.28.2", "", { "os": "freebsd", "cpu": "x64" }, "sha512-78XJTJkvPs0kz2w61301PJjXl4g7q3JqiYMZ/M/yVI73EHBrCRTgkhu9oqG7vPqq+a/yadEW8aD+agKlk5xrmg=="],

    "@esbuild/linux-arm": ["@esbuild/linux-arm@0.28.2", "", { "os": "linux", "cpu": "arm" }, "sha512-XlDnu2q5yoqems+xay6wSAcg9DDD7K9RLKZEBOMZm3ckNpJBvOX20tSfby8KfrrhINDyv9V2YVZKY/SpoGJI8w=="],

    "@esbuild/linux-arm64": ["@esbuild/linux-arm64@0.28.2", "", { "os": "linux", "cpu": "arm64" }, "sha512-pW4AC0P3it8c7do9MVM4p51FzHzdM/TZrerurgRcHJ2WTa1VQ1CIq18xncfpBJw4ojkiZZrKW2yIBWBP92j6Ug=="],

    "@esbuild/linux-ia32": ["@esbuild/linux-ia32@0.28.2", "", { "os": "linux", "cpu": "ia32" }, "sha512-CYbnj78HsIeA+DhgUKgFCfvNsTHFhMMrinUrMZpDXJXKN8T3XViTZ/+wtHeVxEWY8ewSzTFN+nRmSwO2tZaLUQ=="],

    "@esbuild/linux-loong64": ["@esbuild/linux-loong64@0.28.2", "", { "os": "linux", "cpu": "none" }, "sha512-buwkd8nsph4R+ajRvw0qM5Hja/TXQow3ptzWO2EbG/cqcIkHloRrdlBtQlshyYGTNFvfkfJ5tpPLVkY4DtsPfQ=="],

    "@esbuild/linux-mips64el": ["@esbuild/linux-mips64el@0.28.2", "", { "os": "linux", "cpu": "none" }, "sha512-ZVykbDyk7519VwiNb9Lcj9m8XM6v5V9uKPvrEMkkEedVewf+0itkhahp4HDpgERXhwLRpWFypsGbG/J8s0QjJA=="],

    "@esbuild/linux-ppc64": ["@esbuild/linux-ppc64@0.28.2", "", { "os": "linux", "cpu": "ppc64" }, "sha512-CAXl+Dtd9UUuJd8pKKdwh6MLm3MUMiqMPmhZ3tTSXPqfyQ3vDl6R5hZdZ/kYojK4ofXtdfSv1tFq8XzWx3heNQ=="],

    "@esbuild/linux-riscv64": ["@esbuild/linux-riscv64@0.28.2", "", { "os": "linux", "cpu": "none" }, "sha512-GeXCej4IQtU1B+QlDV8W/RRvbzI3O/Stss+/bCXv4lZls5WGRtu2a+3JkA3i4qIUlMXpcHebWpF8AkJhATowuA=="],

    "@esbuild/linux-s390x": ["@esbuild/linux-s390x@0.28.2", "", { "os": "linux", "cpu": "s390x" }, "sha512-3H1weTYZPxt/WOhByszQZybS9w5lKzUn1FDMsgEChbHWQwHYQQRfBxgCcZvPhjHfKyJjIievvMmEUawJrdY9Dg=="],

    "@esbuild/linux-x64": ["@esbuild/linux-x64@0.28.2", "", { "os": "linux", "cpu": "x64" }, "sha512-4xTZr1FUmSoQW4XIWmit3tzQrUTZM+N3P0XV8xROKYF50XfI7xeO90+1bZvNwxIufQ9hDQVRJH5YhgPVF8A/HQ=="],

    "@esbuild/netbsd-arm64": ["@esbuild/netbsd-arm64@0.28.2", "", { "os": "none", "cpu": "arm64" }, "sha512-sSATRjPeDBg3pdgHoQfoYBob11Kk1FGa9lui5RIHZCoCkJa9QKlvl3/vKz2usCmYYjs7ymJR/2Nnsqe+Hjt5nw=="],

    "@esbuild/netbsd-x64": ["@esbuild/netbsd-x64@0.28.2", "", { "os": "none", "cpu": "x64" }, "sha512-lqnzCV+mM0gIADaKihiCg6ifgfU2L3h5E33rNQBN1Y4MaVGnzryzmvvf7UHxprpQdE8hpqLolJ9Rl+SkIRDpyw=="],

    "@esbuild/openbsd-arm64": ["@esbuild/openbsd-arm64@0.28.2", "", { "os": "openbsd", "cpu": "arm64" }, "sha512-AL2qJILH7lNjrDmCQDvdxMfAUIv8KMNZOvrwAQ8i8//ntL9FflhOyMJ8OZSMBb8/AWXe3/5v5S20y3zCoZWKoQ=="],

    "@esbuild/openbsd-x64": ["@esbuild/openbsd-x64@0.28.2", "", { "os": "openbsd", "cpu": "x64" }, "sha512-QtiuPytchRyC4rwUKhexJdQKvDuZ6hWloi3igqPQNUJCS1/v9EiO3UTOXR6A3FoMo4fnAKbWJdqaIwhOzh8qEw=="],

    "@esbuild/openharmony-arm64": ["@esbuild/openharmony-arm64@0.28.2", "", { "os": "none", "cpu": "arm64" }, "sha512-WkhYDmpTjLvGlScA1rwjRUmhl4k8oXR3cIbtqWmELgU/dFeHHlEllxDvdWcNJV9rbzCexB5vz8gtNewWLgCT7Q=="],

    "@esbuild/sunos-x64": ["@esbuild/sunos-x64@0.28.2", "", { "os": "sunos", "cpu": "x64" }, "sha512-GPMSkTOtMnv2U2F8gxe4Io6qmVs+YKyp832Etqqxr0hFngmXQ3rzwytelm3GIn7T4VviRUlf3sOgBOiTdvaf7g=="],

    "@esbuild/win32-arm64": ["@esbuild/win32-arm64@0.28.2", "", { "os": "win32", "cpu": "arm64" }, "sha512-PIhhEkE9uPBleRBrQEJpUn7MBnibZzbGzYWPmY3x+YoVg/95zbjB4CxPPOQ8l5tYYM4mMaCthF8/1DIfBQQyWQ=="],

    "@esbuild/win32-ia32": ["@esbuild/win32-ia32@0.28.2", "", { "os": "win32", "cpu": "ia32" }, "sha512-YmJbfTlvU7Sdn9BB+4PRES4oB6pxgS37MAONj+hBr/cpXS1aBPKXxNnDbu+QCWPj0o9dgyxeq79g6c5P8KeuYA=="],

    "@esbuild/win32-x64": ["@esbuild/win32-x64@0.28.2", "", { "os": "win32", "cpu": "x64" }, "sha512-5ebpxr3nWMzrL/rnUI755Jkuee0bHL/Gq0WTF9lvcpv73wAp5eu8MfBUgWK9bhWvZjj7yX8etf/8tI8Ney695g=="],

    "@google/genai": ["@google/genai@2.24.0", "", { "dependencies": { "google-auth-library": "^10.3.0", "p-retry": "^4.6.2", "protobufjs": "^7.5.4", "ws": "^8.18.0" }, "peerDependencies": { "@modelcontextprotocol/sdk": "^1.25.2" }, "optionalPeers": ["@modelcontextprotocol/sdk"] }, ""],

    "@jridgewell/gen-mapping": ["@jridgewell/gen-mapping@0.3.13", "", { "dependencies": { "@jridgewell/sourcemap-codec": "^1.5.0", "@jridgewell/trace-mapping": "^0.3.24" } }, ""],

    "@jridgewell/remapping": ["@jridgewell/remapping@2.3.5", "", { "dependencies": { "@jridgewell/gen-mapping": "^0.3.5", "@jridgewell/trace-mapping": "^0.3.24" } }, ""],

    "@jridgewell/resolve-uri": ["@jridgewell/resolve-uri@3.1.2", "", {}, ""],

    "@jridgewell/sourcemap-codec": ["@jridgewell/sourcemap-codec@1.6.0", "", {}, ""],

    "@jridgewell/trace-mapping": ["@jridgewell/trace-mapping@0.3.31", "", { "dependencies": { "@jridgewell/resolve-uri": "^3.1.0", "@jridgewell/sourcemap-codec": "^1.4.14" } }, ""],

    "@oxc-project/types": ["@oxc-project/types@0.151.0", "", {}, ""],

    "@protobufjs/aspromise": ["@protobufjs/aspromise@1.1.2", "", {}, ""],

    "@protobufjs/base64": ["@protobufjs/base64@1.1.2", "", {}, ""],

    "@protobufjs/codegen": ["@protobufjs/codegen@2.0.5", "", {}, ""],

    "@protobufjs/eventemitter": ["@protobufjs/eventemitter@1.1.1", "", {}, ""],

    "@protobufjs/fetch": ["@protobufjs/fetch@1.1.1", "", { "dependencies": { "@protobufjs/aspromise": "^1.1.1" } }, ""],

    "@protobufjs/float": ["@protobufjs/float@1.0.2", "", {}, ""],

    "@protobufjs/path": ["@protobufjs/path@1.1.2", "", {}, ""],

    "@protobufjs/pool": ["@protobufjs/pool@1.1.0", "", {}, ""],

    "@protobufjs/utf8": ["@protobufjs/utf8@1.1.2", "", {}, ""],

    "@rolldown/binding-linux-x64-gnu": ["@rolldown/binding-linux-x64-gnu@1.2.10", "", { "os": "linux", "cpu": "x64" }, ""],

    "@rolldown/binding-linux-x64-musl": ["@rolldown/binding-linux-x64-musl@1.2.10", "", { "os": "linux", "cpu": "x64" }, ""],

    "@rolldown/pluginutils": ["@rolldown/pluginutils@1.0.1", "", {}, ""],

    "@tailwindcss/node": ["@tailwindcss/node@4.3.3", "", { "dependencies": { "@jridgewell/remapping": "^2.3.5", "enhanced-resolve": "^5.24.1", "jiti": "^2.7.0", "lightningcss": "1.32.0", "magic-string": "^0.30.21", "source-map-js": "^1.2.1", "tailwindcss": "4.3.3" } }, ""],

    "@tailwindcss/oxide": ["@tailwindcss/oxide@4.3.3", "", { "optionalDependencies": { "@tailwindcss/oxide-android-arm64": "4.3.3", "@tailwindcss/oxide-darwin-arm64": "4.3.3", "@tailwindcss/oxide-darwin-x64": "4.3.3", "@tailwindcss/oxide-freebsd-x64": "4.3.3", "@tailwindcss/oxide-linux-arm-gnueabihf": "4.3.3", "@tailwindcss/oxide-linux-arm64-gnu": "4.3.3", "@tailwindcss/oxide-linux-arm64-musl": "4.3.3", "@tailwindcss/oxide-linux-x64-gnu": "4.3.3", "@tailwindcss/oxide-linux-x64-musl": "4.3.3", "@tailwindcss/oxide-wasm32-wasi": "4.3.3", "@tailwindcss/oxide-win32-arm64-msvc": "4.3.3", "@tailwindcss/oxide-win32-x64-msvc": "4.3.3" } }, ""],

    "@tailwindcss/oxide-linux-x64-gnu": ["@tailwindcss/oxide-linux-x64-gnu@4.3.3", "", { "os": "linux", "cpu": "x64" }, ""],

    "@tailwindcss/oxide-linux-x64-musl": ["@tailwindcss/oxide-linux-x64-musl@4.3.3", "", { "os": "linux", "cpu": "x64" }, ""],

    "@tailwindcss/vite": ["@tailwindcss/vite@4.3.3", "", { "dependencies": { "@tailwindcss/node": "4.3.3", "@tailwindcss/oxide": "4.3.3", "tailwindcss": "4.3.3" }, "peerDependencies": { "vite": "^5.2.0 || ^6 || ^7 || ^8" } }, ""],

    "@types/body-parser": ["@types/body-parser@1.19.6", "", { "dependencies": { "@types/connect": "*", "@types/node": "*" } }, ""],

    "@types/connect": ["@types/connect@3.4.38", "", { "dependencies": { "@types/node": "*" } }, ""],

    "@types/express": ["@types/express@4.17.25", "", { "dependencies": { "@types/body-parser": "*", "@types/express-serve-static-core": "^4.17.33", "@types/qs": "*", "@types/serve-static": "^1" } }, ""],

    "@types/express-serve-static-core": ["@types/express-serve-static-core@4.19.9", "", { "dependencies": { "@types/node": "*", "@types/qs": "*", "@types/range-parser": "*", "@types/send": "*" } }, ""],

    "@types/http-errors": ["@types/http-errors@2.0.5", "", {}, ""],

    "@types/mime": ["@types/mime@1.3.5", "", {}, ""],

    "@types/node": ["@types/node@22.20.4", "", { "dependencies": { "undici-types": "~6.21.0" } }, ""],

    "@types/qs": ["@types/qs@6.15.1", "", {}, ""],

    "@types/range-parser": ["@types/range-parser@1.2.7", "", {}, ""],

    "@types/react": ["@types/react@19.3.0", "", { "dependencies": { "csstype": "^3.2.2" } }, ""],

    "@types/react-dom": ["@types/react-dom@19.3.0", "", { "peerDependencies": { "@types/react": "^19.3.0" } }, ""],

    "@types/retry": ["@types/retry@0.12.0", "", {}, ""],

    "@types/send": ["@types/send@1.2.1", "", { "dependencies": { "@types/node": "*" } }, ""],

    "@types/serve-static": ["@types/serve-static@1.15.10", "", { "dependencies": { "@types/http-errors": "*", "@types/node": "*", "@types/send": "<1" } }, ""],

    "@typescript/typescript-linux-x64": ["@typescript/typescript-linux-x64@7.0.2", "", { "os": "linux", "cpu": "x64" }, ""],

    "@vitejs/plugin-react": ["@vitejs/plugin-react@6.1.1", "", { "dependencies": { "@rolldown/pluginutils": "^1.0.1" }, "peerDependencies": { "@rolldown/plugin-babel": "^0.1.7 || ^0.2.0", "babel-plugin-react-compiler": "^1.0.0", "oxc-transform-react": "^0.145.0", "vite": "^8.0.0" }, "optionalPeers": ["@rolldown/plugin-babel", "babel-plugin-react-compiler", "oxc-transform-react"] }, ""],

    "accepts": ["accepts@1.3.8", "", { "dependencies": { "mime-types": "~2.1.34", "negotiator": "0.6.3" } }, ""],

    "agent-base": ["agent-base@7.1.4", "", {}, ""],

    "array-flatten": ["array-flatten@1.1.1", "", {}, ""],

    "autoprefixer": ["autoprefixer@10.6.1", "", { "dependencies": { "browserslist": "^4.28.9", "caniuse-lite": "^1.0.30001810", "fraction.js": "^5.3.4", "picocolors": "^1.1.1", "postcss-value-parser": "^4.2.0" }, "peerDependencies": { "postcss": "^8.1.0" }, "bin": "bin/autoprefixer" }, ""],

    "base64-js": ["base64-js@1.5.1", "", {}, ""],

    "baseline-browser-mapping": ["baseline-browser-mapping@2.11.25", "", { "bin": "dist/cli.cjs" }, ""],

    "bignumber.js": ["bignumber.js@9.3.1", "", {}, ""],

    "body-parser": ["body-parser@1.20.8", "", { "dependencies": { "bytes": "~3.1.2", "content-type": "~1.0.5", "debug": "2.6.9", "depd": "2.0.0", "destroy": "~1.2.0", "http-errors": "~2.0.1", "iconv-lite": "~0.4.24", "on-finished": "~2.4.1", "qs": "~6.16.0", "raw-body": "~2.5.3", "type-is": "~1.6.18", "unpipe": "~1.0.0" } }, ""],

    "browserslist": ["browserslist@4.29.0", "", { "dependencies": { "baseline-browser-mapping": "^2.11.23", "caniuse-lite": "^1.0.30001810", "electron-to-chromium": "^1.5.427", "node-releases": "^2.0.55", "update-browserslist-db": "^1.3.3" }, "bin": "cli.js" }, ""],

    "buffer-equal-constant-time": ["buffer-equal-constant-time@1.0.1", "", {}, ""],

    "bytes": ["bytes@3.1.2", "", {}, ""],

    "call-bind-apply-helpers": ["call-bind-apply-helpers@1.0.2", "", { "dependencies": { "es-errors": "^1.3.0", "function-bind": "^1.1.2" } }, ""],

    "call-bound": ["call-bound@1.0.4", "", { "dependencies": { "call-bind-apply-helpers": "^1.0.2", "get-intrinsic": "^1.3.0" } }, ""],

    "caniuse-lite": ["caniuse-lite@1.0.30001812", "", {}, ""],

    "content-disposition": ["content-disposition@0.5.4", "", { "dependencies": { "safe-buffer": "5.2.1" } }, ""],

    "content-type": ["content-type@1.0.5", "", {}, ""],

    "cookie": ["cookie@0.7.2", "", {}, ""],

    "cookie-signature": ["cookie-signature@1.0.7", "", {}, ""],

    "csstype": ["csstype@3.2.3", "", {}, ""],

    "data-uri-to-buffer": ["data-uri-to-buffer@4.0.1", "", {}, ""],

    "debug": ["debug@2.6.9", "", { "dependencies": { "ms": "2.0.0" } }, ""],

    "depd": ["depd@2.0.0", "", {}, ""],

    "destroy": ["destroy@1.2.0", "", {}, ""],

    "detect-libc": ["detect-libc@2.1.2", "", {}, ""],

    "dotenv": ["dotenv@17.4.2", "", {}, ""],

    "dunder-proto": ["dunder-proto@1.0.1", "", { "dependencies": { "call-bind-apply-helpers": "^1.0.1", "es-errors": "^1.3.0", "gopd": "^1.2.0" } }, ""],

    "ecdsa-sig-formatter": ["ecdsa-sig-formatter@1.0.11", "", { "dependencies": { "safe-buffer": "^5.0.1" } }, ""],

    "ee-first": ["ee-first@1.1.1", "", {}, ""],

    "electron-to-chromium": ["electron-to-chromium@1.5.438", "", {}, ""],

    "encodeurl": ["encodeurl@2.0.0", "", {}, ""],

    "enhanced-resolve": ["enhanced-resolve@5.25.1", "", { "dependencies": { "graceful-fs": "^4.2.4", "tapable": "^2.3.3" } }, ""],

    "es-define-property": ["es-define-property@1.0.1", "", {}, ""],

    "es-errors": ["es-errors@1.3.0", "", {}, ""],

    "es-object-atoms": ["es-object-atoms@1.1.2", "", { "dependencies": { "es-errors": "^1.3.0" } }, ""],

    "esbuild": ["esbuild@0.28.2", "", { "optionalDependencies": { "@esbuild/aix-ppc64": "0.28.2", "@esbuild/android-arm": "0.28.2", "@esbuild/android-arm64": "0.28.2", "@esbuild/android-x64": "0.28.2", "@esbuild/darwin-arm64": "0.28.2", "@esbuild/darwin-x64": "0.28.2", "@esbuild/freebsd-arm64": "0.28.2", "@esbuild/freebsd-x64": "0.28.2", "@esbuild/linux-arm": "0.28.2", "@esbuild/linux-arm64": "0.28.2", "@esbuild/linux-ia32": "0.28.2", "@esbuild/linux-loong64": "0.28.2", "@esbuild/linux-mips64el": "0.28.2", "@esbuild/linux-ppc64": "0.28.2", "@esbuild/linux-riscv64": "0.28.2", "@esbuild/linux-s390x": "0.28.2", "@esbuild/linux-x64": "0.28.2", "@esbuild/netbsd-arm64": "0.28.2", "@esbuild/netbsd-x64": "0.28.2", "@esbuild/openbsd-arm64": "0.28.2", "@esbuild/openbsd-x64": "0.28.2", "@esbuild/openharmony-arm64": "0.28.2", "@esbuild/sunos-x64": "0.28.2", "@esbuild/win32-arm64": "0.28.2", "@esbuild/win32-ia32": "0.28.2", "@esbuild/win32-x64": "0.28.2" }, "bin": "bin/esbuild" }, "sha512-HKVLS8dvII+xoKW9kmqxbRKrnWEXfJJr/FZhhJmiqIB0e053QNYFqOBouTMO/k5sID4MvCiUCvv8b9M4h32wIA=="],

    "escalade": ["escalade@3.2.0", "", {}, ""],

    "escape-html": ["escape-html@1.0.3", "", {}, ""],

    "etag": ["etag@1.8.1", "", {}, ""],

    "express": ["express@4.22.3", "", { "dependencies": { "accepts": "~1.3.8", "array-flatten": "1.1.1", "body-parser": "~1.20.5", "content-disposition": "~0.5.4", "content-type": "~1.0.4", "cookie": "~0.7.1", "cookie-signature": "~1.0.6", "debug": "2.6.9", "depd": "2.0.0", "encodeurl": "~2.0.0", "escape-html": "~1.0.3", "etag": "~1.8.1", "finalhandler": "~1.3.1", "fresh": "~0.5.2", "http-errors": "~2.0.0", "merge-descriptors": "1.0.3", "methods": "~1.1.2", "on-finished": "~2.4.1", "parseurl": "~1.3.3", "path-to-regexp": "~0.1.13", "proxy-addr": "~2.0.7", "qs": "~6.16.0", "range-parser": "~1.2.1", "safe-buffer": "5.2.1", "send": "~0.19.0", "serve-static": "~1.16.2", "setprototypeof": "1.2.0", "statuses": "~2.0.1", "type-is": "~1.6.18", "utils-merge": "1.0.1", "vary": "~1.1.2" } }, ""],

    "extend": ["extend@3.0.2", "", {}, ""],

    "fdir": ["fdir@6.5.0", "", { "peerDependencies": { "picomatch": "^3 || ^4" }, "optionalPeers": ["picomatch"] }, ""],

    "fetch-blob": ["fetch-blob@3.2.0", "", { "dependencies": { "node-domexception": "^1.0.0", "web-streams-polyfill": "^3.0.3" } }, ""],

    "finalhandler": ["finalhandler@1.3.2", "", { "dependencies": { "debug": "2.6.9", "encodeurl": "~2.0.0", "escape-html": "~1.0.3", "on-finished": "~2.4.1", "parseurl": "~1.3.3", "statuses": "~2.0.2", "unpipe": "~1.0.0" } }, ""],

    "formdata-polyfill": ["formdata-polyfill@4.0.10", "", { "dependencies": { "fetch-blob": "^3.1.2" } }, ""],

    "forwarded": ["forwarded@0.2.0", "", {}, ""],

    "fraction.js": ["fraction.js@5.3.4", "", {}, ""],

    "framer-motion": ["framer-motion@13.4.4", "", { "dependencies": { "motion-dom": "^13.4.4", "motion-utils": "^13.3.0", "tslib": "^2.4.0" }, "peerDependencies": { "react": "^18.0.0 || ^19.0.0", "react-dom": "^18.0.0 || ^19.0.0" }, "optionalPeers": ["react", "react-dom"] }, "sha512-lbsZO95NGbulo6apz70zEt6Vxf/anoRwQI2ECEc/EQYWO5CGbITtl7plDW8P/VXgXw6e8wrbhH4a9i+ygke0Mg=="],

    "fresh": ["fresh@0.5.2", "", {}, ""],

    "fsevents": ["fsevents@2.3.3", "", { "os": "darwin" }, "sha512-5xoDfX+fL7faATnagmWPpbFtwh/R77WmMMqqHGS65C3vvB0YHrgF+B1YmZ3441tMj5n63k0212XNoJwzlhffQw=="],

    "function-bind": ["function-bind@1.1.2", "", {}, ""],

    "gaxios": ["gaxios@7.3.1", "", { "dependencies": { "extend": "^3.0.2", "https-proxy-agent": "^7.0.1", "node-fetch": "^3.3.2" } }, ""],

    "gcp-metadata": ["gcp-metadata@8.1.2", "", { "dependencies": { "gaxios": "^7.0.0", "google-logging-utils": "^1.0.0", "json-bigint": "^1.0.0" } }, ""],

    "get-intrinsic": ["get-intrinsic@1.3.0", "", { "dependencies": { "call-bind-apply-helpers": "^1.0.2", "es-define-property": "^1.0.1", "es-errors": "^1.3.0", "es-object-atoms": "^1.1.1", "function-bind": "^1.1.2", "get-proto": "^1.0.1", "gopd": "^1.2.0", "has-symbols": "^1.1.0", "hasown": "^2.0.2", "math-intrinsics": "^1.1.0" } }, ""],

    "get-proto": ["get-proto@1.0.1", "", { "dependencies": { "dunder-proto": "^1.0.1", "es-object-atoms": "^1.0.0" } }, ""],

    "google-auth-library": ["google-auth-library@10.9.1", "", { "dependencies": { "base64-js": "^1.3.0", "ecdsa-sig-formatter": "^1.0.11", "gaxios": "^7.1.4", "gcp-metadata": "8.1.2", "google-logging-utils": "1.1.3", "jws": "^4.0.0" } }, ""],

    "google-logging-utils": ["google-logging-utils@1.1.3", "", {}, ""],

    "gopd": ["gopd@1.2.0", "", {}, ""],

    "graceful-fs": ["graceful-fs@4.2.11", "", {}, ""],

    "has-symbols": ["has-symbols@1.1.0", "", {}, ""],

    "hasown": ["hasown@2.0.4", "", { "dependencies": { "function-bind": "^1.1.2" } }, ""],

    "http-errors": ["http-errors@2.0.1", "", { "dependencies": { "depd": "~2.0.0", "inherits": "~2.0.4", "setprototypeof": "~1.2.0", "statuses": "~2.0.2", "toidentifier": "~1.0.1" } }, ""],

    "https-proxy-agent": ["https-proxy-agent@7.0.6", "", { "dependencies": { "agent-base": "^7.1.2", "debug": "4" } }, ""],

    "iconv-lite": ["iconv-lite@0.4.24", "", { "dependencies": { "safer-buffer": ">= 2.1.2 < 3" } }, ""],

    "inherits": ["inherits@2.0.4", "", {}, ""],

    "ipaddr.js": ["ipaddr.js@1.9.1", "", {}, ""],

    "jiti": ["jiti@2.7.0", "", { "bin": "lib/jiti-cli.mjs" }, ""],

    "json-bigint": ["json-bigint@1.0.0", "", { "dependencies": { "bignumber.js": "^9.0.0" } }, ""],

    "jwa": ["jwa@2.0.1", "", { "dependencies": { "buffer-equal-constant-time": "^1.0.1", "ecdsa-sig-formatter": "1.0.11", "safe-buffer": "^5.0.1" } }, ""],

    "jws": ["jws@4.0.1", "", { "dependencies": { "jwa": "^2.0.1", "safe-buffer": "^5.0.1" } }, ""],

    "lightningcss": ["lightningcss@1.33.0", "", { "dependencies": { "detect-libc": "^2.0.3" }, "optionalDependencies": { "lightningcss-android-arm64": "1.33.0", "lightningcss-darwin-arm64": "1.33.0", "lightningcss-darwin-x64": "1.33.0", "lightningcss-freebsd-x64": "1.33.0", "lightningcss-linux-arm-gnueabihf": "1.33.0", "lightningcss-linux-arm64-gnu": "1.33.0", "lightningcss-linux-arm64-musl": "1.33.0", "lightningcss-linux-x64-gnu": "1.33.0", "lightningcss-linux-x64-musl": "1.33.0", "lightningcss-win32-arm64-msvc": "1.33.0", "lightningcss-win32-x64-msvc": "1.33.0" } }, ""],

    "lightningcss-linux-x64-gnu": ["lightningcss-linux-x64-gnu@1.33.0", "", { "os": "linux", "cpu": "x64" }, ""],

    "lightningcss-linux-x64-musl": ["lightningcss-linux-x64-musl@1.33.0", "", { "os": "linux", "cpu": "x64" }, ""],

    "long": ["long@5.3.2", "", {}, ""],

    "lucide-react": ["lucide-react@0.546.0", "", { "peerDependencies": { "react": "^16.5.1 || ^17.0.0 || ^18.0.0 || ^19.0.0" } }, ""],

    "magic-string": ["magic-string@0.30.21", "", { "dependencies": { "@jridgewell/sourcemap-codec": "^1.5.5" } }, ""],

    "math-intrinsics": ["math-intrinsics@1.1.0", "", {}, ""],

    "media-typer": ["media-typer@0.3.0", "", {}, ""],

    "merge-descriptors": ["merge-descriptors@1.0.3", "", {}, ""],

    "methods": ["methods@1.1.2", "", {}, ""],

    "mime": ["mime@1.6.0", "", { "bin": "cli.js" }, ""],

    "mime-db": ["mime-db@1.52.0", "", {}, ""],

    "mime-types": ["mime-types@2.1.35", "", { "dependencies": { "mime-db": "1.52.0" } }, ""],

    "motion": ["motion@12.43.0", "", { "dependencies": { "framer-motion": "^12.43.0", "tslib": "^2.4.0" }, "peerDependencies": { "@emotion/is-prop-valid": "*", "react": "^18.0.0 || ^19.0.0", "react-dom": "^18.0.0 || ^19.0.0" }, "optionalPeers": ["@emotion/is-prop-valid", "react", "react-dom"] }, ""],

    "motion-dom": ["motion-dom@13.4.4", "", { "dependencies": { "motion-utils": "^13.3.0" } }, "sha512-z2qN3RUABSci4G7cr5aHTFhqPNCWJsEMMfRlzxqtANQsSCIbVJmHvMV288m5x7doEQBTYbRTWbKdztmquCn4Sw=="],

    "motion-utils": ["motion-utils@13.3.0", "", {}, "sha512-sgSschQp7EseHInIlR7hBbMuvet3RA0bs28KPZAXJcGKGdxHGvh1ogpYDilY3bOMtl73EqPNmp75sAKHYPU5sg=="],

    "ms": ["ms@2.0.0", "", {}, ""],

    "nanoid": ["nanoid@3.3.19", "", { "bin": "bin/nanoid.cjs" }, ""],

    "negotiator": ["negotiator@0.6.3", "", {}, ""],

    "node-domexception": ["node-domexception@1.0.0", "", {}, ""],

    "node-fetch": ["node-fetch@3.3.2", "", { "dependencies": { "data-uri-to-buffer": "^4.0.0", "fetch-blob": "^3.1.4", "formdata-polyfill": "^4.0.10" } }, ""],

    "node-releases": ["node-releases@2.0.57", "", {}, ""],

    "object-inspect": ["object-inspect@1.13.4", "", {}, ""],

    "on-finished": ["on-finished@2.4.1", "", { "dependencies": { "ee-first": "1.1.1" } }, ""],

    "p-retry": ["p-retry@4.6.2", "", { "dependencies": { "@types/retry": "0.12.0", "retry": "^0.13.1" } }, ""],

    "parseurl": ["parseurl@1.3.3", "", {}, ""],

    "path-to-regexp": ["path-to-regexp@0.1.13", "", {}, ""],

    "picocolors": ["picocolors@1.1.1", "", {}, ""],

    "picomatch": ["picomatch@4.0.7", "", {}, ""],

    "postcss": ["postcss@8.5.28", "", { "dependencies": { "nanoid": "^3.3.18", "picocolors": "^1.1.1", "source-map-js": "^1.2.1" } }, ""],

    "postcss-value-parser": ["postcss-value-parser@4.2.0", "", {}, ""],

    "protobufjs": ["protobufjs@7.6.6", "", { "dependencies": { "@protobufjs/aspromise": "^1.1.2", "@protobufjs/base64": "^1.1.2", "@protobufjs/codegen": "^2.0.5", "@protobufjs/eventemitter": "^1.1.1", "@protobufjs/fetch": "^1.1.1", "@protobufjs/float": "^1.0.2", "@protobufjs/path": "^1.1.2", "@protobufjs/pool": "^1.1.0", "@protobufjs/utf8": "^1.1.1", "@types/node": ">=13.7.0", "long": "^5.3.2" } }, ""],

    "proxy-addr": ["proxy-addr@2.0.8", "", { "dependencies": { "forwarded": "0.2.0", "ipaddr.js": "1.9.1" } }, ""],

    "qs": ["qs@6.16.0", "", { "dependencies": { "es-define-property": "^1.0.1", "side-channel": "^1.1.1" } }, ""],

    "range-parser": ["range-parser@1.2.1", "", {}, ""],

    "raw-body": ["raw-body@2.5.3", "", { "dependencies": { "bytes": "~3.1.2", "http-errors": "~2.0.1", "iconv-lite": "~0.4.24", "unpipe": "~1.0.0" } }, ""],

    "react": ["react@19.3.0", "", {}, ""],

    "react-dom": ["react-dom@19.3.0", "", { "dependencies": { "scheduler": "^0.28.0" }, "peerDependencies": { "react": "^19.3.0" } }, ""],

    "retry": ["retry@0.13.1", "", {}, ""],

    "rolldown": ["rolldown@1.2.10", "", { "dependencies": { "@oxc-project/types": "=0.151.0", "@rolldown/pluginutils": "^1.0.0" }, "optionalDependencies": { "@rolldown/binding-android-arm-eabi": "1.2.10", "@rolldown/binding-android-arm64": "1.2.10", "@rolldown/binding-darwin-arm64": "1.2.10", "@rolldown/binding-darwin-x64": "1.2.10", "@rolldown/binding-freebsd-x64": "1.2.10", "@rolldown/binding-linux-arm-gnueabihf": "1.2.10", "@rolldown/binding-linux-arm64-gnu": "1.2.10", "@rolldown/binding-linux-arm64-musl": "1.2.10", "@rolldown/binding-linux-ppc64-gnu": "1.2.10", "@rolldown/binding-linux-s390x-gnu": "1.2.10", "@rolldown/binding-linux-x64-gnu": "1.2.10", "@rolldown/binding-linux-x64-musl": "1.2.10", "@rolldown/binding-openharmony-arm64": "1.2.10", "@rolldown/binding-win32-arm64-msvc": "1.2.10", "@rolldown/binding-win32-x64-msvc": "1.2.10" }, "bin": "bin/cli.mjs" }, ""],

    "safe-buffer": ["safe-buffer@5.2.1", "", {}, ""],

    "safer-buffer": ["safer-buffer@2.1.2", "", {}, ""],

    "scheduler": ["scheduler@0.28.0", "", {}, ""],

    "send": ["send@0.19.2", "", { "dependencies": { "debug": "2.6.9", "depd": "2.0.0", "destroy": "1.2.0", "encodeurl": "~2.0.0", "escape-html": "~1.0.3", "etag": "~1.8.1", "fresh": "~0.5.2", "http-errors": "~2.0.1", "mime": "1.6.0", "ms": "2.1.3", "on-finished": "~2.4.1", "range-parser": "~1.2.1", "statuses": "~2.0.2" } }, ""],

    "serve-static": ["serve-static@1.16.3", "", { "dependencies": { "encodeurl": "~2.0.0", "escape-html": "~1.0.3", "parseurl": "~1.3.3", "send": "~0.19.1" } }, ""],

    "setprototypeof": ["setprototypeof@1.2.0", "", {}, ""],

    "side-channel": ["side-channel@1.1.1", "", { "dependencies": { "es-errors": "^1.3.0", "object-inspect": "^1.13.4", "side-channel-list": "^1.0.1", "side-channel-map": "^1.0.1", "side-channel-weakmap": "^1.0.2" } }, ""],

    "side-channel-list": ["side-channel-list@1.0.1", "", { "dependencies": { "es-errors": "^1.3.0", "object-inspect": "^1.13.4" } }, ""],

    "side-channel-map": ["side-channel-map@1.0.1", "", { "dependencies": { "call-bound": "^1.0.2", "es-errors": "^1.3.0", "get-intrinsic": "^1.2.5", "object-inspect": "^1.13.3" } }, ""],

    "side-channel-weakmap": ["side-channel-weakmap@1.0.2", "", { "dependencies": { "call-bound": "^1.0.2", "es-errors": "^1.3.0", "get-intrinsic": "^1.2.5", "object-inspect": "^1.13.3", "side-channel-map": "^1.0.1" } }, ""],

    "source-map-js": ["source-map-js@1.2.1", "", {}, ""],

    "statuses": ["statuses@2.0.2", "", {}, ""],

    "tailwindcss": ["tailwindcss@4.3.3", "", {}, ""],

    "tapable": ["tapable@2.3.3", "", {}, ""],

    "tinyglobby": ["tinyglobby@0.2.17", "", { "dependencies": { "fdir": "^6.5.0", "picomatch": "^4.0.4" } }, ""],

    "toidentifier": ["toidentifier@1.0.1", "", {}, ""],

    "tslib": ["tslib@2.8.1", "", {}, ""],

    "tsx": ["tsx@4.23.15", "", { "dependencies": { "esbuild": "~0.28.0" }, "optionalDependencies": { "fsevents": "~2.3.3" }, "bin": "dist/cli.mjs" }, ""],

    "type-is": ["type-is@1.6.18", "", { "dependencies": { "media-typer": "0.3.0", "mime-types": "~2.1.24" } }, ""],

    "typescript": ["typescript@7.0.2", "", { "optionalDependencies": { "@typescript/typescript-aix-ppc64": "7.0.2", "@typescript/typescript-darwin-arm64": "7.0.2", "@typescript/typescript-darwin-x64": "7.0.2", "@typescript/typescript-freebsd-arm64": "7.0.2", "@typescript/typescript-freebsd-x64": "7.0.2", "@typescript/typescript-linux-arm": "7.0.2", "@typescript/typescript-linux-arm64": "7.0.2", "@typescript/typescript-linux-loong64": "7.0.2", "@typescript/typescript-linux-mips64el": "7.0.2", "@typescript/typescript-linux-ppc64": "7.0.2", "@typescript/typescript-linux-riscv64": "7.0.2", "@typescript/typescript-linux-s390x": "7.0.2", "@typescript/typescript-linux-x64": "7.0.2", "@typescript/typescript-netbsd-arm64": "7.0.2", "@typescript/typescript-netbsd-x64": "7.0.2", "@typescript/typescript-openbsd-arm64": "7.0.2", "@typescript/typescript-openbsd-x64": "7.0.2", "@typescript/typescript-sunos-x64": "7.0.2", "@typescript/typescript-win32-arm64": "7.0.2", "@typescript/typescript-win32-x64": "7.0.2" }, "bin": { "tsc": "bin/tsc" } }, ""],

    "undici-types": ["undici-types@6.21.0", "", {}, ""],

    "unpipe": ["unpipe@1.0.0", "", {}, ""],

    "update-browserslist-db": ["update-browserslist-db@1.3.3", "", { "dependencies": { "escalade": "^3.2.0", "picocolors": "^1.1.1" }, "peerDependencies": { "browserslist": ">= 4.21.0" }, "bin": "cli.js" }, ""],

    "utils-merge": ["utils-merge@1.0.1", "", {}, ""],

    "vary": ["vary@1.1.2", "", {}, ""],

    "vite": ["vite@8.3.0", "", { "dependencies": { "lightningcss": "^1.33.0", "picomatch": "^4.0.7", "postcss": "^8.5.28", "rolldown": "~1.2.6", "tinyglobby": "^0.2.17" }, "optionalDependencies": { "fsevents": "~2.3.3" }, "peerDependencies": { "@types/node": "^20.19.0 || >=22.12.0", "@vitejs/devtools": "^0.7.1", "esbuild": "^0.27.0 || ^0.28.0", "jiti": ">=1.21.0", "less": "^4.0.0", "sass": "^1.70.0", "sass-embedded": "^1.70.0", "stylus": ">=0.54.8", "sugarss": "^5.0.0", "terser": "^5.16.0", "tsx": "^4.8.1", "yaml": "^2.4.2" }, "optionalPeers": ["@types/node", "@vitejs/devtools", "esbuild", "jiti", "less", "sass", "sass-embedded", "stylus", "sugarss", "terser", "tsx", "yaml"], "bin": "bin/vite.js" }, ""],

    "web-streams-polyfill": ["web-streams-polyfill@3.3.3", "", {}, ""],

    "ws": ["ws@8.21.3", "", { "peerDependencies": { "bufferutil": "^4.0.1", "utf-8-validate": ">=5.0.2" }, "optionalPeers": ["bufferutil", "utf-8-validate"] }, ""],

    "@tailwindcss/node/lightningcss": ["lightningcss@1.32.0", "", { "dependencies": { "detect-libc": "^2.0.3" }, "optionalDependencies": { "lightningcss-android-arm64": "1.32.0", "lightningcss-darwin-arm64": "1.32.0", "lightningcss-darwin-x64": "1.32.0", "lightningcss-freebsd-x64": "1.32.0", "lightningcss-linux-arm-gnueabihf": "1.32.0", "lightningcss-linux-arm64-gnu": "1.32.0", "lightningcss-linux-arm64-musl": "1.32.0", "lightningcss-linux-x64-gnu": "1.32.0", "lightningcss-linux-x64-musl": "1.32.0", "lightningcss-win32-arm64-msvc": "1.32.0", "lightningcss-win32-x64-msvc": "1.32.0" } }, ""],

    "@types/body-parser/@types/node": ["@types/node@26.6.2", "", { "dependencies": { "undici-types": "~8.9.0" } }, ""],

    "@types/connect/@types/node": ["@types/node@26.6.2", "", { "dependencies": { "undici-types": "~8.9.0" } }, ""],

    "@types/express-serve-static-core/@types/node": ["@types/node@26.6.2", "", { "dependencies": { "undici-types": "~8.9.0" } }, ""],

    "@types/send/@types/node": ["@types/node@26.6.2", "", { "dependencies": { "undici-types": "~8.9.0" } }, ""],

    "@types/serve-static/@types/node": ["@types/node@26.6.2", "", { "dependencies": { "undici-types": "~8.9.0" } }, ""],

    "@types/serve-static/@types/send": ["@types/send@0.17.6", "", { "dependencies": { "@types/mime": "^1", "@types/node": "*" } }, ""],

    "https-proxy-agent/debug": ["debug@4.4.3", "", { "dependencies": { "ms": "^2.1.3" } }, ""],

    "motion/framer-motion": ["framer-motion@12.43.0", "", { "dependencies": { "motion-dom": "^12.43.0", "motion-utils": "^12.39.0", "tslib": "^2.4.0" }, "peerDependencies": { "@emotion/is-prop-valid": "*", "react": "^18.0.0 || ^19.0.0", "react-dom": "^18.0.0 || ^19.0.0" }, "optionalPeers": ["@emotion/is-prop-valid", "react", "react-dom"] }, ""],

    "protobufjs/@types/node": ["@types/node@26.6.2", "", { "dependencies": { "undici-types": "~8.9.0" } }, ""],

    "send/ms": ["ms@2.1.3", "", {}, ""],

    "@tailwindcss/node/lightningcss/lightningcss-linux-x64-gnu": ["lightningcss-linux-x64-gnu@1.32.0", "", { "os": "linux", "cpu": "x64" }, ""],

    "@tailwindcss/node/lightningcss/lightningcss-linux-x64-musl": ["lightningcss-linux-x64-musl@1.32.0", "", { "os": "linux", "cpu": "x64" }, ""],

    "@types/body-parser/@types/node/undici-types": ["undici-types@8.9.0", "", {}, ""],

    "@types/connect/@types/node/undici-types": ["undici-types@8.9.0", "", {}, ""],

    "@types/express-serve-static-core/@types/node/undici-types": ["undici-types@8.9.0", "", {}, ""],

    "@types/send/@types/node/undici-types": ["undici-types@8.9.0", "", {}, ""],

    "@types/serve-static/@types/node/undici-types": ["undici-types@8.9.0", "", {}, ""],

    "https-proxy-agent/debug/ms": ["ms@2.1.3", "", {}, ""],

    "motion/framer-motion/motion-dom": ["motion-dom@12.43.0", "", { "dependencies": { "motion-utils": "^12.39.0" } }, ""],

    "motion/framer-motion/motion-utils": ["motion-utils@12.39.0", "", {}, ""],

    "protobufjs/@types/node/undici-types": ["undici-types@8.9.0", "", {}, ""],
  }
}
